#MicroXplorer Configuration settings - do not modify
File.Version=5
KeepUserPlacement=true
Mcu.Family=STM32F4
Mcu.IP0=NVIC
Mcu.IP1=RCC
Mcu.IPNb=2
Mcu.Name=STM32F401R(D-E)Tx
Mcu.Package=LQFP64
Mcu.Pin0=PC13-ANTI_TAMP
Mcu.Pin1=PC14-OSC32_IN
Mcu.Pin10=PC7
Mcu.Pin11=PA8
Mcu.Pin12=PA9
Mcu.Pin13=PA10
Mcu.Pin14=PA14
Mcu.Pin15=PB3
Mcu.Pin16=PB4
Mcu.Pin17=PB5
Mcu.Pin18=PB6
Mcu.Pin2=PC15-OSC32_OUT
Mcu.Pin3=PH0 - OSC_IN
Mcu.Pin4=PH1 - OSC_OUT
Mcu.Pin5=PA2
Mcu.Pin6=PA3
Mcu.Pin7=PA5
Mcu.Pin8=PA7
Mcu.Pin9=PB10
Mcu.PinsNb=19
Mcu.UserConstants=
Mcu.UserName=STM32F401RETx
MxCube.Version=4.11.0
MxDb.Version=DB.4.0.110
NVIC.PriorityGroup=NVIC_PRIORITYGROUP_4
NVIC.SysTick_IRQn=true\:0\:0\:false
PA10.Locked=true
PA10.Signal=GPXTI10
PA14.GPIOParameters=GPIO_Label
PA14.GPIO_Label=TCK
PA14.Locked=true
PA14.Signal=SYS_JTCK-SWCLK
PA2.GPIOParameters=GPIO_Speed,GPIO_PuPd,GPIO_Label,GPIO_Mode
PA2.GPIO_Label=USART_TX
PA2.GPIO_Mode=GPIO_MODE_AF_PP
PA2.GPIO_PuPd=GPIO_NOPULL
PA2.GPIO_Speed=GPIO_SPEED_LOW
PA2.Locked=true
PA2.Signal=USART2_TX
PA3.GPIOParameters=GPIO_Speed,GPIO_PuPd,GPIO_Label,GPIO_Mode
PA3.GPIO_Label=USART_RX
PA3.GPIO_Mode=GPIO_MODE_AF_PP
PA3.GPIO_PuPd=GPIO_NOPULL
PA3.GPIO_Speed=GPIO_SPEED_LOW
PA3.Locked=true
PA3.Signal=USART2_RX
PA5.Locked=true
PA5.Signal=GPIO_Output
PA7.Locked=true
PA7.Signal=GPIO_Output
PA8.Locked=true
PA8.Signal=GPIO_Output
PA9.Locked=true
PA9.Signal=GPIO_Output
PB10.Locked=true
PB10.Signal=GPIO_Output
PB3.Locked=true
PB3.Signal=GPIO_Output
PB4.Locked=true
PB4.Signal=GPIO_Output
PB5.Locked=true
PB5.Signal=GPIO_Output
PB6.Locked=true
PB6.Signal=GPIO_Output
PC13-ANTI_TAMP.GPIOParameters=GPIO_Label
PC13-ANTI_TAMP.GPIO_Label=B1_Pin
PC13-ANTI_TAMP.Locked=true
PC13-ANTI_TAMP.Signal=GPIO_Input
PC14-OSC32_IN.Locked=true
PC14-OSC32_IN.Signal=RCC_OSC32_IN
PC15-OSC32_OUT.Locked=true
PC15-OSC32_OUT.Signal=RCC_OSC32_OUT
PC7.Locked=true
PC7.Signal=GPIO_Output
PCC.Checker=false
PCC.Line=STM32F401
PCC.MCU=STM32F401R(D-E)Tx
PCC.MXVersion=4.11.0
PCC.PartNumber=STM32F401RETx
PCC.Seq0=0
PCC.Series=STM32F4
PCC.Temperature=25
PCC.Vdd=null
PH0\ -\ OSC_IN.Locked=true
PH0\ -\ OSC_IN.Signal=RCC_OSC_IN
PH1\ -\ OSC_OUT.Locked=true
PH1\ -\ OSC_OUT.Signal=RCC_OSC_OUT
ProjectManager.AskForMigrate=true
ProjectManager.BackupPrevious=true
ProjectManager.CompilerOptimize=2
ProjectManager.ComputerToolchain=false
ProjectManager.CoupleFile=false
ProjectManager.DeletePrevious=true
ProjectManager.DeviceId=STM32F401RETx
ProjectManager.FirmwarePackage=STM32Cube FW_F4 V1.9.0
ProjectManager.FreePins=false
ProjectManager.HalAssertFull=false
ProjectManager.KeepUserCode=true
ProjectManager.LastFirmware=true
ProjectManager.LibraryCopy=0
ProjectManager.ProjectBuild=false
ProjectManager.ProjectFileName=GPIO.ioc
ProjectManager.ProjectName=GPIO
ProjectManager.TargetToolchain=MDK-ARM V5
ProjectManager.ToolChainLocation=
RCC.AHBFreq_Value=84000000
RCC.APB1CLKDivider=RCC_HCLK_DIV2
RCC.APB1Freq_Value=42000000
RCC.APB1TimFreq_Value=84000000
RCC.APB2Freq_Value=84000000
RCC.APB2TimFreq_Value=84000000
RCC.CortexFreq_Value=84000000
RCC.FCLKCortexFreq_Value=84000000
RCC.HCLKFreq_Value=84000000
RCC.HSE_VALUE=8000000
RCC.HSI_VALUE=16000000
RCC.I2SClocksFreq_Value=96000000
RCC.IPParameters=LSE_VALUE,PLLP,SYSCLKSource,APB1CLKDivider,PLLN,HSE_VALUE,HSI_VALUE,PLLQ,LSI_VALUE,VCOInputFreq_Value,VCOOutputFreq_Value,PLLCLKFreq_Value,PLLQCLKFreq_Value,VCOI2SOutputFreq_Value,VcooutputI2S,RTCHSEDivFreq_Value,I2SClocksFreq_Value,SYSCLKFreq_VALUE,AHBFreq_Value,HCLKFreq_Value,CortexFreq_Value,FCLKCortexFreq_Value,APB1Freq_Value,APB1TimFreq_Value,APB2Freq_Value,APB2TimFreq_Value,MCO2PinFreq_Value,RTCFreq_Value
RCC.LSE_VALUE=32768
RCC.LSI_VALUE=32000
RCC.MCO2PinFreq_Value=84000000
RCC.PLLCLKFreq_Value=84000000
RCC.PLLN=336
RCC.PLLP=RCC_PLLP_DIV4
RCC.PLLQ=7
RCC.PLLQCLKFreq_Value=48000000
RCC.RTCFreq_Value=32000
RCC.RTCHSEDivFreq_Value=4000000
RCC.SYSCLKFreq_VALUE=84000000
RCC.SYSCLKSource=RCC_SYSCLKSOURCE_PLLCLK
RCC.VCOI2SOutputFreq_Value=192000000
RCC.VCOInputFreq_Value=1000000
RCC.VCOOutputFreq_Value=336000000
RCC.VcooutputI2S=96000000
SH.GPXTI10.0=GPIO_EXTI10
SH.GPXTI10.ConfNb=1
board=NUCLEO-F401RE
boardIOC=true
